
Microsoft Visual Studio Solution File, Format Version 12.00
# Visual Studio Version 17
VisualStudioVersion = 17.9.34902.65
MinimumVisualStudioVersion = 10.0.40219.1
Project("{FAE04EC0-301F-11D3-BF4B-00C04F79EFBC}") = "CafeManagement", "CafeManagement.csproj", "{16C1116F-8D98-48B6-AA97-519D185FB3DC}"
EndProject
Global
	GlobalSection(SolutionConfigurationPlatforms) = preSolution
		Debug|Any CPU = Debug|Any CPU
		Release|Any CPU = Release|Any CPU
	EndGlobalSection
	GlobalSection(ProjectConfigurationPlatforms) = postSolution
		{16C1116F-8D98-48B6-AA97-519D185FB3DC}.Debug|Any CPU.ActiveCfg = Debug|Any CPU
		{16C1116F-8D98-48B6-AA97-519D185FB3DC}.Debug|Any CPU.Build.0 = Debug|Any CPU
		{16C1116F-8D98-48B6-AA97-519D185FB3DC}.Release|Any CPU.ActiveCfg = Release|Any CPU
		{16C1116F-8D98-48B6-AA97-519D185FB3DC}.Release|Any CPU.Build.0 = Release|Any CPU
	EndGlobalSection
	GlobalSection(SolutionProperties) = preSolution
		HideSolutionNode = FALSE
	EndGlobalSection
	GlobalSection(ExtensibilityGlobals) = postSolution
		SolutionGuid = {9203173E-3FF8-4E35-93B4-6D668CFAA78E}
	EndGlobalSection
EndGlobal
